
Microsoft Visual Studio Solution File, Format Version 12.00
# Visual Studio Version 16
VisualStudioVersion = 16.0.31829.152
MinimumVisualStudioVersion = 10.0.40219.1
Project("{FAE04EC0-301F-11D3-BF4B-00C04F79EFBC}") = "SDA2035_WPF_HW18", "SDA2035_WPF_HW18\SDA2035_WPF_HW18.csproj", "{38559CF2-119F-47BC-A32A-CA671F1F5BDA}"
EndProject
Global
	GlobalSection(SolutionConfigurationPlatforms) = preSolution
		Debug|Any CPU = Debug|Any CPU
		Release|Any CPU = Release|Any CPU
	EndGlobalSection
	GlobalSection(ProjectConfigurationPlatforms) = postSolution
		{38559CF2-119F-47BC-A32A-CA671F1F5BDA}.Debug|Any CPU.ActiveCfg = Debug|Any CPU
		{38559CF2-119F-47BC-A32A-CA671F1F5BDA}.Debug|Any CPU.Build.0 = Debug|Any CPU
		{38559CF2-119F-47BC-A32A-CA671F1F5BDA}.Release|Any CPU.ActiveCfg = Release|Any CPU
		{38559CF2-119F-47BC-A32A-CA671F1F5BDA}.Release|Any CPU.Build.0 = Release|Any CPU
	EndGlobalSection
	GlobalSection(SolutionProperties) = preSolution
		HideSolutionNode = FALSE
	EndGlobalSection
	GlobalSection(ExtensibilityGlobals) = postSolution
		SolutionGuid = {1A3DB548-4FFC-4033-B7EF-B62DD0027A4B}
	EndGlobalSection
EndGlobal
